Microsoft Visual Studio Solution File, Format Version 11.00
# Visual Studio 2008

Project("{DD7A47FC-D5B0-6BA0-6012-330B90587586}") = "DinosaurGame", "Assembly-CSharp-firstpass.csproj", "{5BD87FEA-05C8-0026-0948-0DEC4CC17E3A}"
EndProject
Project("{DD7A47FC-D5B0-6BA0-6012-330B90587586}") = "DinosaurGame", "Assembly-CSharp.csproj", "{EA6042DC-4AF2-2D58-5156-3AD607164D4D}"
EndProject
Project("{DD7A47FC-D5B0-6BA0-6012-330B90587586}") = "DinosaurGame", "Assembly-CSharp-Editor.csproj", "{784256DF-C725-4C45-89F2-68D54A7082E0}"
EndProject
Global
	GlobalSection(SolutionConfigurationPlatforms) = preSolution
		Debug|Any CPU = Debug|Any CPU
		Release|Any CPU = Release|Any CPU
	EndGlobalSection
	GlobalSection(ProjectConfigurationPlatforms) = postSolution
		{5BD87FEA-05C8-0026-0948-0DEC4CC17E3A}.Debug|Any CPU.ActiveCfg = Debug|Any CPU
		{5BD87FEA-05C8-0026-0948-0DEC4CC17E3A}.Debug|Any CPU.Build.0 = Debug|Any CPU
		{5BD87FEA-05C8-0026-0948-0DEC4CC17E3A}.Release|Any CPU.ActiveCfg = Release|Any CPU
		{5BD87FEA-05C8-0026-0948-0DEC4CC17E3A}.Release|Any CPU.Build.0 = Release|Any CPU
		{EA6042DC-4AF2-2D58-5156-3AD607164D4D}.Debug|Any CPU.ActiveCfg = Debug|Any CPU
		{EA6042DC-4AF2-2D58-5156-3AD607164D4D}.Debug|Any CPU.Build.0 = Debug|Any CPU
		{EA6042DC-4AF2-2D58-5156-3AD607164D4D}.Release|Any CPU.ActiveCfg = Release|Any CPU
		{EA6042DC-4AF2-2D58-5156-3AD607164D4D}.Release|Any CPU.Build.0 = Release|Any CPU
		{784256DF-C725-4C45-89F2-68D54A7082E0}.Debug|Any CPU.ActiveCfg = Debug|Any CPU
		{784256DF-C725-4C45-89F2-68D54A7082E0}.Debug|Any CPU.Build.0 = Debug|Any CPU
		{784256DF-C725-4C45-89F2-68D54A7082E0}.Release|Any CPU.ActiveCfg = Release|Any CPU
		{784256DF-C725-4C45-89F2-68D54A7082E0}.Release|Any CPU.Build.0 = Release|Any CPU
	EndGlobalSection
	GlobalSection(SolutionProperties) = preSolution
		HideSolutionNode = FALSE
	EndGlobalSection
	GlobalSection(MonoDevelopProperties) = preSolution
		StartupItem = Assembly-CSharp.csproj
	EndGlobalSection
EndGlobal
