
Microsoft Visual Studio Solution File, Format Version 12.00
# Visual Studio 2015
Project("{FAE04EC0-301F-11D3-BF4B-00C04F79EFBC}") = "DinosaurGame-master.CSharp.Plugins", "DinosaurGame-master.CSharp.Plugins.csproj", "{5D2ABE55-9EE8-8967-94DC-442930B85E1A}"
EndProject
Project("{FAE04EC0-301F-11D3-BF4B-00C04F79EFBC}") = "DinosaurGame-master.CSharp", "DinosaurGame-master.CSharp.csproj", "{8403D159-3842-5C5A-8698-4600F1C0C8D7}"
EndProject
Project("{FAE04EC0-301F-11D3-BF4B-00C04F79EFBC}") = "DinosaurGame-master.CSharp.Editor", "DinosaurGame-master.CSharp.Editor.csproj", "{9E7D6007-7C8C-087F-028B-AABBF95B1267}"
EndProject
Global
	GlobalSection(SolutionConfigurationPlatforms) = preSolution
		Debug|Any CPU = Debug|Any CPU
		Release|Any CPU = Release|Any CPU
	EndGlobalSection
	GlobalSection(ProjectConfigurationPlatforms) = postSolution
		{5D2ABE55-9EE8-8967-94DC-442930B85E1A}.Debug|Any CPU.ActiveCfg = Debug|Any CPU
		{5D2ABE55-9EE8-8967-94DC-442930B85E1A}.Debug|Any CPU.Build.0 = Debug|Any CPU
		{5D2ABE55-9EE8-8967-94DC-442930B85E1A}.Release|Any CPU.ActiveCfg = Release|Any CPU
		{5D2ABE55-9EE8-8967-94DC-442930B85E1A}.Release|Any CPU.Build.0 = Release|Any CPU
		{8403D159-3842-5C5A-8698-4600F1C0C8D7}.Debug|Any CPU.ActiveCfg = Debug|Any CPU
		{8403D159-3842-5C5A-8698-4600F1C0C8D7}.Debug|Any CPU.Build.0 = Debug|Any CPU
		{8403D159-3842-5C5A-8698-4600F1C0C8D7}.Release|Any CPU.ActiveCfg = Release|Any CPU
		{8403D159-3842-5C5A-8698-4600F1C0C8D7}.Release|Any CPU.Build.0 = Release|Any CPU
		{9E7D6007-7C8C-087F-028B-AABBF95B1267}.Debug|Any CPU.ActiveCfg = Debug|Any CPU
		{9E7D6007-7C8C-087F-028B-AABBF95B1267}.Debug|Any CPU.Build.0 = Debug|Any CPU
		{9E7D6007-7C8C-087F-028B-AABBF95B1267}.Release|Any CPU.ActiveCfg = Release|Any CPU
		{9E7D6007-7C8C-087F-028B-AABBF95B1267}.Release|Any CPU.Build.0 = Release|Any CPU
	EndGlobalSection
	GlobalSection(SolutionProperties) = preSolution
		HideSolutionNode = FALSE
	EndGlobalSection
EndGlobal
